
Microsoft Visual Studio Solution File, Format Version 12.00
# Visual Studio 2012
Project("{FAE04EC0-301F-11D3-BF4B-00C04F79EFBC}") = "ConstraintHelper", "ConstraintHelper\ConstraintHelper.csproj", "{B96E6FC3-F2D7-403B-8CF4-002CAD3E3BBA}"
EndProject
Global
	GlobalSection(SolutionConfigurationPlatforms) = preSolution
		Debug|Any CPU = Debug|Any CPU
		Release|Any CPU = Release|Any CPU
	EndGlobalSection
	GlobalSection(ProjectConfigurationPlatforms) = postSolution
		{B96E6FC3-F2D7-403B-8CF4-002CAD3E3BBA}.Debug|Any CPU.ActiveCfg = Debug|Any CPU
		{B96E6FC3-F2D7-403B-8CF4-002CAD3E3BBA}.Debug|Any CPU.Build.0 = Debug|Any CPU
		{B96E6FC3-F2D7-403B-8CF4-002CAD3E3BBA}.Release|Any CPU.ActiveCfg = Release|Any CPU
		{B96E6FC3-F2D7-403B-8CF4-002CAD3E3BBA}.Release|Any CPU.Build.0 = Release|Any CPU
	EndGlobalSection
EndGlobal
